
Microsoft Visual Studio Solution File, Format Version 12.00
# Visual Studio 2012
Project("{FAE04EC0-301F-11D3-BF4B-00C04F79EFBC}") = "Phoneword", "Phoneword\Phoneword.csproj", "{B940A5EA-D67B-4A34-BBF8-29535C7ACAEA}"
EndProject
Project("{FAE04EC0-301F-11D3-BF4B-00C04F79EFBC}") = "Phoneword.Droid", "Droid\Phoneword.Droid.csproj", "{AD417924-5130-4E50-A2D7-DED99A360DFA}"
EndProject
Global
	GlobalSection(SolutionConfigurationPlatforms) = preSolution
		Debug|Any CPU = Debug|Any CPU
		Release|Any CPU = Release|Any CPU
	EndGlobalSection
	GlobalSection(ProjectConfigurationPlatforms) = postSolution
		{B940A5EA-D67B-4A34-BBF8-29535C7ACAEA}.Debug|Any CPU.ActiveCfg = Debug|Any CPU
		{B940A5EA-D67B-4A34-BBF8-29535C7ACAEA}.Debug|Any CPU.Build.0 = Debug|Any CPU
		{B940A5EA-D67B-4A34-BBF8-29535C7ACAEA}.Release|Any CPU.ActiveCfg = Release|Any CPU
		{B940A5EA-D67B-4A34-BBF8-29535C7ACAEA}.Release|Any CPU.Build.0 = Release|Any CPU
		{AD417924-5130-4E50-A2D7-DED99A360DFA}.Debug|Any CPU.ActiveCfg = Debug|Any CPU
		{AD417924-5130-4E50-A2D7-DED99A360DFA}.Debug|Any CPU.Build.0 = Debug|Any CPU
		{AD417924-5130-4E50-A2D7-DED99A360DFA}.Release|Any CPU.ActiveCfg = Release|Any CPU
		{AD417924-5130-4E50-A2D7-DED99A360DFA}.Release|Any CPU.Build.0 = Release|Any CPU
	EndGlobalSection
EndGlobal
